
Microsoft Visual Studio Solution File, Format Version 12.00
# Visual Studio Version 17
VisualStudioVersion = 17.11.35312.102
MinimumVisualStudioVersion = 10.0.40219.1
Project("{FAE04EC0-301F-11D3-BF4B-00C04F79EFBC}") = "AlbumsMasterDetailDapper", "AlbumsMasterDetailDapper.csproj", "{A12F2A92-774F-47AF-8325-CB24AA35BE7D}"
EndProject
Project("{9A19103F-16F7-4668-BE54-9A1E7A4F7556}") = "AlbumsMasterDetailDapper.Model", "..\AlbumsMasterDetailDapper.Model\AlbumsMasterDetailDapper.Model.csproj", "{5F70297B-57AF-43F9-A926-D5D69CD313BB}"
EndProject
Project("{9A19103F-16F7-4668-BE54-9A1E7A4F7556}") = "AlbumsMasterDetailDapper.Data", "..\AlbumsMasterDetailDapper.Data\AlbumsMasterDetailDapper.Data.csproj", "{7AC744A1-BAB6-4D29-B973-8851EE2C6BDB}"
EndProject
Project("{9A19103F-16F7-4668-BE54-9A1E7A4F7556}") = "AlbumsMasterDetailDapper.Service", "..\AlbumsMasterDetailDapper.Service\AlbumsMasterDetailDapper.Service.csproj", "{DEBD3745-FE39-4457-A341-9A8019A29C85}"
EndProject
Project("{FAE04EC0-301F-11D3-BF4B-00C04F79EFBC}") = "AlbumsMasterDetailDapper2", "..\AlbumsMasterDetailDapper2\AlbumsMasterDetailDapper2.csproj", "{4ECB6BAE-11EB-4CF4-AAF7-52064ED1804C}"
EndProject
Global
	GlobalSection(SolutionConfigurationPlatforms) = preSolution
		Debug|Any CPU = Debug|Any CPU
		Release|Any CPU = Release|Any CPU
	EndGlobalSection
	GlobalSection(ProjectConfigurationPlatforms) = postSolution
		{A12F2A92-774F-47AF-8325-CB24AA35BE7D}.Debug|Any CPU.ActiveCfg = Debug|Any CPU
		{A12F2A92-774F-47AF-8325-CB24AA35BE7D}.Debug|Any CPU.Build.0 = Debug|Any CPU
		{A12F2A92-774F-47AF-8325-CB24AA35BE7D}.Release|Any CPU.ActiveCfg = Release|Any CPU
		{A12F2A92-774F-47AF-8325-CB24AA35BE7D}.Release|Any CPU.Build.0 = Release|Any CPU
		{5F70297B-57AF-43F9-A926-D5D69CD313BB}.Debug|Any CPU.ActiveCfg = Debug|Any CPU
		{5F70297B-57AF-43F9-A926-D5D69CD313BB}.Debug|Any CPU.Build.0 = Debug|Any CPU
		{5F70297B-57AF-43F9-A926-D5D69CD313BB}.Release|Any CPU.ActiveCfg = Release|Any CPU
		{5F70297B-57AF-43F9-A926-D5D69CD313BB}.Release|Any CPU.Build.0 = Release|Any CPU
		{7AC744A1-BAB6-4D29-B973-8851EE2C6BDB}.Debug|Any CPU.ActiveCfg = Debug|Any CPU
		{7AC744A1-BAB6-4D29-B973-8851EE2C6BDB}.Debug|Any CPU.Build.0 = Debug|Any CPU
		{7AC744A1-BAB6-4D29-B973-8851EE2C6BDB}.Release|Any CPU.ActiveCfg = Release|Any CPU
		{7AC744A1-BAB6-4D29-B973-8851EE2C6BDB}.Release|Any CPU.Build.0 = Release|Any CPU
		{DEBD3745-FE39-4457-A341-9A8019A29C85}.Debug|Any CPU.ActiveCfg = Debug|Any CPU
		{DEBD3745-FE39-4457-A341-9A8019A29C85}.Debug|Any CPU.Build.0 = Debug|Any CPU
		{DEBD3745-FE39-4457-A341-9A8019A29C85}.Release|Any CPU.ActiveCfg = Release|Any CPU
		{DEBD3745-FE39-4457-A341-9A8019A29C85}.Release|Any CPU.Build.0 = Release|Any CPU
		{4ECB6BAE-11EB-4CF4-AAF7-52064ED1804C}.Debug|Any CPU.ActiveCfg = Debug|Any CPU
		{4ECB6BAE-11EB-4CF4-AAF7-52064ED1804C}.Debug|Any CPU.Build.0 = Debug|Any CPU
		{4ECB6BAE-11EB-4CF4-AAF7-52064ED1804C}.Release|Any CPU.ActiveCfg = Release|Any CPU
		{4ECB6BAE-11EB-4CF4-AAF7-52064ED1804C}.Release|Any CPU.Build.0 = Release|Any CPU
	EndGlobalSection
	GlobalSection(SolutionProperties) = preSolution
		HideSolutionNode = FALSE
	EndGlobalSection
	GlobalSection(ExtensibilityGlobals) = postSolution
		SolutionGuid = {4B23642A-389C-417C-97C5-7ACB71BA31A1}
	EndGlobalSection
EndGlobal
